
Microsoft Visual Studio Solution File, Format Version 12.00
# Visual Studio Version 17
VisualStudioVersion = 17.0.31903.59
MinimumVisualStudioVersion = 10.0.40219.1
Project("{2150E333-8FDC-42A3-9474-1A3956D46DE8}") = "src", "src", "{827E0CD3-B72D-47B6-A68D-7590B98EB39B}"
EndProject
Project("{FAE04EC0-301F-11D3-BF4B-00C04F79EFBC}") = "OrderService", "src\OrderService\OrderService.csproj", "{DA3B6510-ECB6-48B6-B2D3-DAA906BE731A}"
EndProject
Project("{2150E333-8FDC-42A3-9474-1A3956D46DE8}") = "Tests", "Tests", "{0AB3BF05-4346-4AA6-1389-037BE0695223}"
EndProject
Project("{FAE04EC0-301F-11D3-BF4B-00C04F79EFBC}") = "OrderService.UnitTests", "Tests\OrderService.UnitTests\OrderService.UnitTests.csproj", "{88933911-F94B-4AE4-AB2E-F06B69530B5A}"
EndProject
Project("{FAE04EC0-301F-11D3-BF4B-00C04F79EFBC}") = "InventoryService", "src\InventoryService\InventoryService.csproj", "{D1820E52-889C-4190-9319-F9963CE84808}"
EndProject
Project("{FAE04EC0-301F-11D3-BF4B-00C04F79EFBC}") = "InventoryService.UnitTests", "Tests\InventoryService.UnitTests\InventoryService.UnitTests.csproj", "{E68601B3-3807-477C-942B-981272858910}"
EndProject
Project("{FAE04EC0-301F-11D3-BF4B-00C04F79EFBC}") = "BarService", "src\BarService\BarService.csproj", "{EA64F402-80EB-46DA-84ED-B17ABDF4F4B4}"
EndProject
Project("{FAE04EC0-301F-11D3-BF4B-00C04F79EFBC}") = "BarService.UnitTests", "Tests\BarService.UnitTests\BarService.UnitTests.csproj", "{0DE17816-1266-4F44-8888-E37EFB04F417}"
EndProject
Project("{FAE04EC0-301F-11D3-BF4B-00C04F79EFBC}") = "NotificationService", "src\NotificationService\NotificationService.csproj", "{6C7392A6-DA62-4C4E-8A85-A931E2B99F91}"
EndProject
Project("{FAE04EC0-301F-11D3-BF4B-00C04F79EFBC}") = "NotificationService.UnitTests", "Tests\NotificationService.UnitTests\NotificationService.UnitTests.csproj", "{477E1E98-AA85-4D56-A9BE-50AAC51DD606}"
EndProject
Project("{FAE04EC0-301F-11D3-BF4B-00C04F79EFBC}") = "SmartBar.E2E.Tests", "Tests\SmartBar.E2E.Tests\SmartBar.E2E.Tests.csproj", "{60F66F1B-FD09-4E57-9726-67102A3D9E6E}"
EndProject
Global
	GlobalSection(SolutionConfigurationPlatforms) = preSolution
		Debug|Any CPU = Debug|Any CPU
		Debug|x64 = Debug|x64
		Debug|x86 = Debug|x86
		Release|Any CPU = Release|Any CPU
		Release|x64 = Release|x64
		Release|x86 = Release|x86
	EndGlobalSection
	GlobalSection(ProjectConfigurationPlatforms) = postSolution
		{DA3B6510-ECB6-48B6-B2D3-DAA906BE731A}.Debug|Any CPU.ActiveCfg = Debug|Any CPU
		{DA3B6510-ECB6-48B6-B2D3-DAA906BE731A}.Debug|Any CPU.Build.0 = Debug|Any CPU
		{DA3B6510-ECB6-48B6-B2D3-DAA906BE731A}.Debug|x64.ActiveCfg = Debug|Any CPU
		{DA3B6510-ECB6-48B6-B2D3-DAA906BE731A}.Debug|x64.Build.0 = Debug|Any CPU
		{DA3B6510-ECB6-48B6-B2D3-DAA906BE731A}.Debug|x86.ActiveCfg = Debug|Any CPU
		{DA3B6510-ECB6-48B6-B2D3-DAA906BE731A}.Debug|x86.Build.0 = Debug|Any CPU
		{DA3B6510-ECB6-48B6-B2D3-DAA906BE731A}.Release|Any CPU.ActiveCfg = Release|Any CPU
		{DA3B6510-ECB6-48B6-B2D3-DAA906BE731A}.Release|Any CPU.Build.0 = Release|Any CPU
		{DA3B6510-ECB6-48B6-B2D3-DAA906BE731A}.Release|x64.ActiveCfg = Release|Any CPU
		{DA3B6510-ECB6-48B6-B2D3-DAA906BE731A}.Release|x64.Build.0 = Release|Any CPU
		{DA3B6510-ECB6-48B6-B2D3-DAA906BE731A}.Release|x86.ActiveCfg = Release|Any CPU
		{DA3B6510-ECB6-48B6-B2D3-DAA906BE731A}.Release|x86.Build.0 = Release|Any CPU
		{88933911-F94B-4AE4-AB2E-F06B69530B5A}.Debug|Any CPU.ActiveCfg = Debug|Any CPU
		{88933911-F94B-4AE4-AB2E-F06B69530B5A}.Debug|Any CPU.Build.0 = Debug|Any CPU
		{88933911-F94B-4AE4-AB2E-F06B69530B5A}.Debug|x64.ActiveCfg = Debug|Any CPU
		{88933911-F94B-4AE4-AB2E-F06B69530B5A}.Debug|x64.Build.0 = Debug|Any CPU
		{88933911-F94B-4AE4-AB2E-F06B69530B5A}.Debug|x86.ActiveCfg = Debug|Any CPU
		{88933911-F94B-4AE4-AB2E-F06B69530B5A}.Debug|x86.Build.0 = Debug|Any CPU
		{88933911-F94B-4AE4-AB2E-F06B69530B5A}.Release|Any CPU.ActiveCfg = Release|Any CPU
		{88933911-F94B-4AE4-AB2E-F06B69530B5A}.Release|Any CPU.Build.0 = Release|Any CPU
		{88933911-F94B-4AE4-AB2E-F06B69530B5A}.Release|x64.ActiveCfg = Release|Any CPU
		{88933911-F94B-4AE4-AB2E-F06B69530B5A}.Release|x64.Build.0 = Release|Any CPU
		{88933911-F94B-4AE4-AB2E-F06B69530B5A}.Release|x86.ActiveCfg = Release|Any CPU
		{88933911-F94B-4AE4-AB2E-F06B69530B5A}.Release|x86.Build.0 = Release|Any CPU
		{D1820E52-889C-4190-9319-F9963CE84808}.Debug|Any CPU.ActiveCfg = Debug|Any CPU
		{D1820E52-889C-4190-9319-F9963CE84808}.Debug|Any CPU.Build.0 = Debug|Any CPU
		{D1820E52-889C-4190-9319-F9963CE84808}.Debug|x64.ActiveCfg = Debug|Any CPU
		{D1820E52-889C-4190-9319-F9963CE84808}.Debug|x64.Build.0 = Debug|Any CPU
		{D1820E52-889C-4190-9319-F9963CE84808}.Debug|x86.ActiveCfg = Debug|Any CPU
		{D1820E52-889C-4190-9319-F9963CE84808}.Debug|x86.Build.0 = Debug|Any CPU
		{D1820E52-889C-4190-9319-F9963CE84808}.Release|Any CPU.ActiveCfg = Release|Any CPU
		{D1820E52-889C-4190-9319-F9963CE84808}.Release|Any CPU.Build.0 = Release|Any CPU
		{D1820E52-889C-4190-9319-F9963CE84808}.Release|x64.ActiveCfg = Release|Any CPU
		{D1820E52-889C-4190-9319-F9963CE84808}.Release|x64.Build.0 = Release|Any CPU
		{D1820E52-889C-4190-9319-F9963CE84808}.Release|x86.ActiveCfg = Release|Any CPU
		{D1820E52-889C-4190-9319-F9963CE84808}.Release|x86.Build.0 = Release|Any CPU
		{E68601B3-3807-477C-942B-981272858910}.Debug|Any CPU.ActiveCfg = Debug|Any CPU
		{E68601B3-3807-477C-942B-981272858910}.Debug|Any CPU.Build.0 = Debug|Any CPU
		{E68601B3-3807-477C-942B-981272858910}.Debug|x64.ActiveCfg = Debug|Any CPU
		{E68601B3-3807-477C-942B-981272858910}.Debug|x64.Build.0 = Debug|Any CPU
		{E68601B3-3807-477C-942B-981272858910}.Debug|x86.ActiveCfg = Debug|Any CPU
		{E68601B3-3807-477C-942B-981272858910}.Debug|x86.Build.0 = Debug|Any CPU
		{E68601B3-3807-477C-942B-981272858910}.Release|Any CPU.ActiveCfg = Release|Any CPU
		{E68601B3-3807-477C-942B-981272858910}.Release|Any CPU.Build.0 = Release|Any CPU
		{E68601B3-3807-477C-942B-981272858910}.Release|x64.ActiveCfg = Release|Any CPU
		{E68601B3-3807-477C-942B-981272858910}.Release|x64.Build.0 = Release|Any CPU
		{E68601B3-3807-477C-942B-981272858910}.Release|x86.ActiveCfg = Release|Any CPU
		{E68601B3-3807-477C-942B-981272858910}.Release|x86.Build.0 = Release|Any CPU
		{EA64F402-80EB-46DA-84ED-B17ABDF4F4B4}.Debug|Any CPU.ActiveCfg = Debug|Any CPU
		{EA64F402-80EB-46DA-84ED-B17ABDF4F4B4}.Debug|Any CPU.Build.0 = Debug|Any CPU
		{EA64F402-80EB-46DA-84ED-B17ABDF4F4B4}.Debug|x64.ActiveCfg = Debug|Any CPU
		{EA64F402-80EB-46DA-84ED-B17ABDF4F4B4}.Debug|x64.Build.0 = Debug|Any CPU
		{EA64F402-80EB-46DA-84ED-B17ABDF4F4B4}.Debug|x86.ActiveCfg = Debug|Any CPU
		{EA64F402-80EB-46DA-84ED-B17ABDF4F4B4}.Debug|x86.Build.0 = Debug|Any CPU
		{EA64F402-80EB-46DA-84ED-B17ABDF4F4B4}.Release|Any CPU.ActiveCfg = Release|Any CPU
		{EA64F402-80EB-46DA-84ED-B17ABDF4F4B4}.Release|Any CPU.Build.0 = Release|Any CPU
		{EA64F402-80EB-46DA-84ED-B17ABDF4F4B4}.Release|x64.ActiveCfg = Release|Any CPU
		{EA64F402-80EB-46DA-84ED-B17ABDF4F4B4}.Release|x64.Build.0 = Release|Any CPU
		{EA64F402-80EB-46DA-84ED-B17ABDF4F4B4}.Release|x86.ActiveCfg = Release|Any CPU
		{EA64F402-80EB-46DA-84ED-B17ABDF4F4B4}.Release|x86.Build.0 = Release|Any CPU
		{0DE17816-1266-4F44-8888-E37EFB04F417}.Debug|Any CPU.ActiveCfg = Debug|Any CPU
		{0DE17816-1266-4F44-8888-E37EFB04F417}.Debug|Any CPU.Build.0 = Debug|Any CPU
		{0DE17816-1266-4F44-8888-E37EFB04F417}.Debug|x64.ActiveCfg = Debug|Any CPU
		{0DE17816-1266-4F44-8888-E37EFB04F417}.Debug|x64.Build.0 = Debug|Any CPU
		{0DE17816-1266-4F44-8888-E37EFB04F417}.Debug|x86.ActiveCfg = Debug|Any CPU
		{0DE17816-1266-4F44-8888-E37EFB04F417}.Debug|x86.Build.0 = Debug|Any CPU
		{0DE17816-1266-4F44-8888-E37EFB04F417}.Release|Any CPU.ActiveCfg = Release|Any CPU
		{0DE17816-1266-4F44-8888-E37EFB04F417}.Release|Any CPU.Build.0 = Release|Any CPU
		{0DE17816-1266-4F44-8888-E37EFB04F417}.Release|x64.ActiveCfg = Release|Any CPU
		{0DE17816-1266-4F44-8888-E37EFB04F417}.Release|x64.Build.0 = Release|Any CPU
		{0DE17816-1266-4F44-8888-E37EFB04F417}.Release|x86.ActiveCfg = Release|Any CPU
		{0DE17816-1266-4F44-8888-E37EFB04F417}.Release|x86.Build.0 = Release|Any CPU
		{6C7392A6-DA62-4C4E-8A85-A931E2B99F91}.Debug|Any CPU.ActiveCfg = Debug|Any CPU
		{6C7392A6-DA62-4C4E-8A85-A931E2B99F91}.Debug|Any CPU.Build.0 = Debug|Any CPU
		{6C7392A6-DA62-4C4E-8A85-A931E2B99F91}.Debug|x64.ActiveCfg = Debug|Any CPU
		{6C7392A6-DA62-4C4E-8A85-A931E2B99F91}.Debug|x64.Build.0 = Debug|Any CPU
		{6C7392A6-DA62-4C4E-8A85-A931E2B99F91}.Debug|x86.ActiveCfg = Debug|Any CPU
		{6C7392A6-DA62-4C4E-8A85-A931E2B99F91}.Debug|x86.Build.0 = Debug|Any CPU
		{6C7392A6-DA62-4C4E-8A85-A931E2B99F91}.Release|Any CPU.ActiveCfg = Release|Any CPU
		{6C7392A6-DA62-4C4E-8A85-A931E2B99F91}.Release|Any CPU.Build.0 = Release|Any CPU
		{6C7392A6-DA62-4C4E-8A85-A931E2B99F91}.Release|x64.ActiveCfg = Release|Any CPU
		{6C7392A6-DA62-4C4E-8A85-A931E2B99F91}.Release|x64.Build.0 = Release|Any CPU
		{6C7392A6-DA62-4C4E-8A85-A931E2B99F91}.Release|x86.ActiveCfg = Release|Any CPU
		{6C7392A6-DA62-4C4E-8A85-A931E2B99F91}.Release|x86.Build.0 = Release|Any CPU
		{477E1E98-AA85-4D56-A9BE-50AAC51DD606}.Debug|Any CPU.ActiveCfg = Debug|Any CPU
		{477E1E98-AA85-4D56-A9BE-50AAC51DD606}.Debug|Any CPU.Build.0 = Debug|Any CPU
		{477E1E98-AA85-4D56-A9BE-50AAC51DD606}.Debug|x64.ActiveCfg = Debug|Any CPU
		{477E1E98-AA85-4D56-A9BE-50AAC51DD606}.Debug|x64.Build.0 = Debug|Any CPU
		{477E1E98-AA85-4D56-A9BE-50AAC51DD606}.Debug|x86.ActiveCfg = Debug|Any CPU
		{477E1E98-AA85-4D56-A9BE-50AAC51DD606}.Debug|x86.Build.0 = Debug|Any CPU
		{477E1E98-AA85-4D56-A9BE-50AAC51DD606}.Release|Any CPU.ActiveCfg = Release|Any CPU
		{477E1E98-AA85-4D56-A9BE-50AAC51DD606}.Release|Any CPU.Build.0 = Release|Any CPU
		{477E1E98-AA85-4D56-A9BE-50AAC51DD606}.Release|x64.ActiveCfg = Release|Any CPU
		{477E1E98-AA85-4D56-A9BE-50AAC51DD606}.Release|x64.Build.0 = Release|Any CPU
		{477E1E98-AA85-4D56-A9BE-50AAC51DD606}.Release|x86.ActiveCfg = Release|Any CPU
		{477E1E98-AA85-4D56-A9BE-50AAC51DD606}.Release|x86.Build.0 = Release|Any CPU
		{60F66F1B-FD09-4E57-9726-67102A3D9E6E}.Debug|Any CPU.ActiveCfg = Debug|Any CPU
		{60F66F1B-FD09-4E57-9726-67102A3D9E6E}.Debug|Any CPU.Build.0 = Debug|Any CPU
		{60F66F1B-FD09-4E57-9726-67102A3D9E6E}.Debug|x64.ActiveCfg = Debug|Any CPU
		{60F66F1B-FD09-4E57-9726-67102A3D9E6E}.Debug|x64.Build.0 = Debug|Any CPU
		{60F66F1B-FD09-4E57-9726-67102A3D9E6E}.Debug|x86.ActiveCfg = Debug|Any CPU
		{60F66F1B-FD09-4E57-9726-67102A3D9E6E}.Debug|x86.Build.0 = Debug|Any CPU
		{60F66F1B-FD09-4E57-9726-67102A3D9E6E}.Release|Any CPU.ActiveCfg = Release|Any CPU
		{60F66F1B-FD09-4E57-9726-67102A3D9E6E}.Release|Any CPU.Build.0 = Release|Any CPU
		{60F66F1B-FD09-4E57-9726-67102A3D9E6E}.Release|x64.ActiveCfg = Release|Any CPU
		{60F66F1B-FD09-4E57-9726-67102A3D9E6E}.Release|x64.Build.0 = Release|Any CPU
		{60F66F1B-FD09-4E57-9726-67102A3D9E6E}.Release|x86.ActiveCfg = Release|Any CPU
		{60F66F1B-FD09-4E57-9726-67102A3D9E6E}.Release|x86.Build.0 = Release|Any CPU
	EndGlobalSection
	GlobalSection(SolutionProperties) = preSolution
		HideSolutionNode = FALSE
	EndGlobalSection
	GlobalSection(NestedProjects) = preSolution
		{DA3B6510-ECB6-48B6-B2D3-DAA906BE731A} = {827E0CD3-B72D-47B6-A68D-7590B98EB39B}
		{88933911-F94B-4AE4-AB2E-F06B69530B5A} = {0AB3BF05-4346-4AA6-1389-037BE0695223}
		{D1820E52-889C-4190-9319-F9963CE84808} = {827E0CD3-B72D-47B6-A68D-7590B98EB39B}
		{E68601B3-3807-477C-942B-981272858910} = {0AB3BF05-4346-4AA6-1389-037BE0695223}
		{EA64F402-80EB-46DA-84ED-B17ABDF4F4B4} = {827E0CD3-B72D-47B6-A68D-7590B98EB39B}
		{0DE17816-1266-4F44-8888-E37EFB04F417} = {0AB3BF05-4346-4AA6-1389-037BE0695223}
		{6C7392A6-DA62-4C4E-8A85-A931E2B99F91} = {827E0CD3-B72D-47B6-A68D-7590B98EB39B}
		{477E1E98-AA85-4D56-A9BE-50AAC51DD606} = {0AB3BF05-4346-4AA6-1389-037BE0695223}
		{60F66F1B-FD09-4E57-9726-67102A3D9E6E} = {0AB3BF05-4346-4AA6-1389-037BE0695223}
	EndGlobalSection
EndGlobal
